
Microsoft Visual Studio Solution File, Format Version 12.00
# Visual Studio Version 16
VisualStudioVersion = 16.0.29911.84
MinimumVisualStudioVersion = 10.0.40219.1
Project("{FAE04EC0-301F-11D3-BF4B-00C04F79EFBC}") = "Wyk4", "Wyk4.csproj", "{EE0750D5-98B2-45EE-B98C-DC2C9B1643A7}"
EndProject
Global
	GlobalSection(SolutionConfigurationPlatforms) = preSolution
		Debug|Any CPU = Debug|Any CPU
		Release|Any CPU = Release|Any CPU
	EndGlobalSection
	GlobalSection(ProjectConfigurationPlatforms) = postSolution
		{EE0750D5-98B2-45EE-B98C-DC2C9B1643A7}.Debug|Any CPU.ActiveCfg = Debug|Any CPU
		{EE0750D5-98B2-45EE-B98C-DC2C9B1643A7}.Debug|Any CPU.Build.0 = Debug|Any CPU
		{EE0750D5-98B2-45EE-B98C-DC2C9B1643A7}.Release|Any CPU.ActiveCfg = Release|Any CPU
		{EE0750D5-98B2-45EE-B98C-DC2C9B1643A7}.Release|Any CPU.Build.0 = Release|Any CPU
	EndGlobalSection
	GlobalSection(SolutionProperties) = preSolution
		HideSolutionNode = FALSE
	EndGlobalSection
	GlobalSection(ExtensibilityGlobals) = postSolution
		SolutionGuid = {78B20415-B3F3-4E6A-A737-D602E63B28D3}
	EndGlobalSection
EndGlobal
